
Microsoft Visual Studio Solution File, Format Version 12.00
# Visual Studio 15
VisualStudioVersion = 15.0.26124.0
MinimumVisualStudioVersion = 15.0.26124.0
Project("{FAE04EC0-301F-11D3-BF4B-00C04F79EFBC}") = "me.jamesharvey.advent.twentyone.day01", "me.jamesharvey.advent.twentyone.day01\me.jamesharvey.advent.twentyone.day01.csproj", "{C423701E-A60E-467D-ADBC-929FEA60D3F9}"
EndProject
Project("{FAE04EC0-301F-11D3-BF4B-00C04F79EFBC}") = "me.jamesharvey.advent.twentyone.day01.test", "me.jamesharvey.advent.twentyone.day01.test\me.jamesharvey.advent.twentyone.day01.test.csproj", "{4229239B-3BD8-4938-8A21-A3E72EABADBD}"
EndProject
Global
	GlobalSection(SolutionConfigurationPlatforms) = preSolution
		Debug|Any CPU = Debug|Any CPU
		Debug|x64 = Debug|x64
		Debug|x86 = Debug|x86
		Release|Any CPU = Release|Any CPU
		Release|x64 = Release|x64
		Release|x86 = Release|x86
	EndGlobalSection
	GlobalSection(SolutionProperties) = preSolution
		HideSolutionNode = FALSE
	EndGlobalSection
	GlobalSection(ProjectConfigurationPlatforms) = postSolution
		{C423701E-A60E-467D-ADBC-929FEA60D3F9}.Debug|Any CPU.ActiveCfg = Debug|Any CPU
		{C423701E-A60E-467D-ADBC-929FEA60D3F9}.Debug|Any CPU.Build.0 = Debug|Any CPU
		{C423701E-A60E-467D-ADBC-929FEA60D3F9}.Debug|x64.ActiveCfg = Debug|Any CPU
		{C423701E-A60E-467D-ADBC-929FEA60D3F9}.Debug|x64.Build.0 = Debug|Any CPU
		{C423701E-A60E-467D-ADBC-929FEA60D3F9}.Debug|x86.ActiveCfg = Debug|Any CPU
		{C423701E-A60E-467D-ADBC-929FEA60D3F9}.Debug|x86.Build.0 = Debug|Any CPU
		{C423701E-A60E-467D-ADBC-929FEA60D3F9}.Release|Any CPU.ActiveCfg = Release|Any CPU
		{C423701E-A60E-467D-ADBC-929FEA60D3F9}.Release|Any CPU.Build.0 = Release|Any CPU
		{C423701E-A60E-467D-ADBC-929FEA60D3F9}.Release|x64.ActiveCfg = Release|Any CPU
		{C423701E-A60E-467D-ADBC-929FEA60D3F9}.Release|x64.Build.0 = Release|Any CPU
		{C423701E-A60E-467D-ADBC-929FEA60D3F9}.Release|x86.ActiveCfg = Release|Any CPU
		{C423701E-A60E-467D-ADBC-929FEA60D3F9}.Release|x86.Build.0 = Release|Any CPU
		{4229239B-3BD8-4938-8A21-A3E72EABADBD}.Debug|Any CPU.ActiveCfg = Debug|Any CPU
		{4229239B-3BD8-4938-8A21-A3E72EABADBD}.Debug|Any CPU.Build.0 = Debug|Any CPU
		{4229239B-3BD8-4938-8A21-A3E72EABADBD}.Debug|x64.ActiveCfg = Debug|Any CPU
		{4229239B-3BD8-4938-8A21-A3E72EABADBD}.Debug|x64.Build.0 = Debug|Any CPU
		{4229239B-3BD8-4938-8A21-A3E72EABADBD}.Debug|x86.ActiveCfg = Debug|Any CPU
		{4229239B-3BD8-4938-8A21-A3E72EABADBD}.Debug|x86.Build.0 = Debug|Any CPU
		{4229239B-3BD8-4938-8A21-A3E72EABADBD}.Release|Any CPU.ActiveCfg = Release|Any CPU
		{4229239B-3BD8-4938-8A21-A3E72EABADBD}.Release|Any CPU.Build.0 = Release|Any CPU
		{4229239B-3BD8-4938-8A21-A3E72EABADBD}.Release|x64.ActiveCfg = Release|Any CPU
		{4229239B-3BD8-4938-8A21-A3E72EABADBD}.Release|x64.Build.0 = Release|Any CPU
		{4229239B-3BD8-4938-8A21-A3E72EABADBD}.Release|x86.ActiveCfg = Release|Any CPU
		{4229239B-3BD8-4938-8A21-A3E72EABADBD}.Release|x86.Build.0 = Release|Any CPU
	EndGlobalSection
EndGlobal
