
Microsoft Visual Studio Solution File, Format Version 12.00
# Visual Studio Version 16
VisualStudioVersion = 16.0.810.14
MinimumVisualStudioVersion = 10.0.40219.1
Project("{FAE04EC0-301F-11D3-BF4B-00C04F79EFBC}") = "me.jamesharvey.advent.twentyone.day03", "me.jamesharvey.advent.twentyone.day03\me.jamesharvey.advent.twentyone.day03.csproj", "{A3ABA820-24C2-4F21-87DB-970476040788}"
EndProject
Project("{FAE04EC0-301F-11D3-BF4B-00C04F79EFBC}") = "me.jamesharvey.advent.twentyone.day03.test", "me.jamesharvey.advent.twentyone.day03.test\me.jamesharvey.advent.twentyone.day03.test.csproj", "{D7423647-6512-47D2-8325-7FE6D91AEE93}"
EndProject
Global
	GlobalSection(SolutionConfigurationPlatforms) = preSolution
		Debug|Any CPU = Debug|Any CPU
		Release|Any CPU = Release|Any CPU
	EndGlobalSection
	GlobalSection(ProjectConfigurationPlatforms) = postSolution
		{A3ABA820-24C2-4F21-87DB-970476040788}.Debug|Any CPU.ActiveCfg = Debug|Any CPU
		{A3ABA820-24C2-4F21-87DB-970476040788}.Debug|Any CPU.Build.0 = Debug|Any CPU
		{A3ABA820-24C2-4F21-87DB-970476040788}.Release|Any CPU.ActiveCfg = Release|Any CPU
		{A3ABA820-24C2-4F21-87DB-970476040788}.Release|Any CPU.Build.0 = Release|Any CPU
		{D7423647-6512-47D2-8325-7FE6D91AEE93}.Debug|Any CPU.ActiveCfg = Debug|Any CPU
		{D7423647-6512-47D2-8325-7FE6D91AEE93}.Debug|Any CPU.Build.0 = Debug|Any CPU
		{D7423647-6512-47D2-8325-7FE6D91AEE93}.Release|Any CPU.ActiveCfg = Release|Any CPU
		{D7423647-6512-47D2-8325-7FE6D91AEE93}.Release|Any CPU.Build.0 = Release|Any CPU
	EndGlobalSection
	GlobalSection(SolutionProperties) = preSolution
		HideSolutionNode = FALSE
	EndGlobalSection
	GlobalSection(ExtensibilityGlobals) = postSolution
		SolutionGuid = {4E702687-2254-4791-BD82-CA058F43FC33}
	EndGlobalSection
EndGlobal
